# Generated by `xrobot setup`; do not edit by hand.
version: 1
requests:
- id: QDU-Robomaster/Aimer
  ref: same-or-dev
- id: QDU-Robomaster/ArmorDetector
  ref: same-or-dev
- id: QDU-Robomaster/ArmorTracker
  ref: same-or-dev
- id: QDU-Robomaster/CameraFrameSync
  ref: same-or-dev
- id: QDU-Robomaster/CameraSync
  ref: same-or-dev
- id: QDU-Robomaster/VisionPreview
  ref: same-or-dev
- id: QDU-Robomaster/WebotsCamera
  ref: same-or-dev
- id: QDU-Robomaster/WebotsFireNotify
  ref: same-or-dev
- id: QDU-Robomaster/WebotsGimbal
  ref: same-or-dev
- id: QDU-Robomaster/WebotsReferee
  ref: same-or-dev
modules:
  QDU-Robomaster/Aimer:
    repo: https://github.com/QDU-Robomaster/Aimer.git
    source: https://qdu-robomaster.github.io/qdu-future-modules/index.yaml
    requested: same-or-dev
    resolved_ref: dev
    ref_kind: branch
    commit: 7e5cdfdad699f0148d25fbf280bbb515ae801bda
  QDU-Robomaster/ArmorDetector:
    repo: https://github.com/QDU-Robomaster/ArmorDetector.git
    source: https://qdu-robomaster.github.io/qdu-future-modules/index.yaml
    requested: same-or-dev
    resolved_ref: dev
    ref_kind: branch
    commit: 38655a43c08ab3ae4249a48949c07cfa25c3bb74
  QDU-Robomaster/ArmorTracker:
    repo: https://github.com/QDU-Robomaster/ArmorTracker.git
    source: https://qdu-robomaster.github.io/qdu-future-modules/index.yaml
    requested: same-or-dev
    resolved_ref: dev
    ref_kind: branch
    commit: cad2873924a30c2a4a56f7ac37697b36b70a4693
  QDU-Robomaster/AutoAimTypes:
    repo: https://github.com/QDU-Robomaster/AutoAimTypes.git
    source: https://qdu-robomaster.github.io/qdu-future-modules/index.yaml
    requested: same-or-dev
    resolved_ref: dev
    ref_kind: branch
    commit: 0215f75080fe2e95696c4a63a9dc321a5f18f474
  QDU-Robomaster/CMD:
    repo: https://github.com/QDU-Robomaster/CMD.git
    source: https://qdu-robomaster.github.io/qdu-future-modules/index.yaml
    requested: same-or-dev
    resolved_ref: dev
    ref_kind: branch
    commit: e960a30e80aec80a80495a39c2ad05ddc366a97b
  QDU-Robomaster/CameraBase:
    repo: https://github.com/QDU-Robomaster/CameraBase.git
    source: https://qdu-robomaster.github.io/qdu-future-modules/index.yaml
    requested: same-or-dev
    resolved_ref: dev
    ref_kind: branch
    commit: e84ce108dffde3233525234a2f0d16a9d7f61d2d
  QDU-Robomaster/CameraFrameSync:
    repo: https://github.com/QDU-Robomaster/CameraFrameSync.git
    source: https://qdu-robomaster.github.io/qdu-future-modules/index.yaml
    requested: same-or-dev
    resolved_ref: dev
    ref_kind: branch
    commit: 686627537cf33fa3324f8011f3d9f42cefd4d555
  QDU-Robomaster/CameraSync:
    repo: https://github.com/QDU-Robomaster/CameraSync.git
    source: https://qdu-robomaster.github.io/qdu-future-modules/index.yaml
    requested: same-or-dev
    resolved_ref: dev
    ref_kind: branch
    commit: b5f59ad93869a22d44f1614eafb9342de69727e6
  QDU-Robomaster/Referee:
    repo: https://github.com/QDU-Robomaster/Referee.git
    source: https://qdu-robomaster.github.io/qdu-future-modules/index.yaml
    requested: same-or-dev
    resolved_ref: dev
    ref_kind: branch
    commit: eeb6478387bf1038da47561d1fb67b4b71433642
  QDU-Robomaster/VisionPreview:
    repo: https://github.com/QDU-Robomaster/VisionPreview.git
    source: https://qdu-robomaster.github.io/qdu-future-modules/index.yaml
    requested: same-or-dev
    resolved_ref: dev
    ref_kind: branch
    commit: 16d56cb5a31231c2b3998946b7d1c98ca6b22420
  QDU-Robomaster/WebotsCamera:
    repo: https://github.com/QDU-Robomaster/WebotsCamera.git
    source: https://qdu-robomaster.github.io/qdu-future-modules/index.yaml
    requested: same-or-dev
    resolved_ref: dev
    ref_kind: branch
    commit: 589a4620877c6a6ba21832d32b89eca0e0b54675
  QDU-Robomaster/WebotsFireNotify:
    repo: https://github.com/QDU-Robomaster/WebotsFireNotify.git
    source: https://qdu-robomaster.github.io/qdu-future-modules/index.yaml
    requested: same-or-dev
    resolved_ref: dev
    ref_kind: branch
    commit: 78f1e5c4a8ebc02c25afdbfb94fb6839ffbe54a9
  QDU-Robomaster/WebotsGimbal:
    repo: https://github.com/QDU-Robomaster/WebotsGimbal.git
    source: https://qdu-robomaster.github.io/qdu-future-modules/index.yaml
    requested: same-or-dev
    resolved_ref: dev
    ref_kind: branch
    commit: 9aa10a13b46f531890377d3c7f5fb503711c877a
  QDU-Robomaster/WebotsReferee:
    repo: https://github.com/QDU-Robomaster/WebotsReferee.git
    source: https://qdu-robomaster.github.io/qdu-future-modules/index.yaml
    requested: same-or-dev
    resolved_ref: dev
    ref_kind: branch
    commit: 143aa8e08d298f4adb79f0aa3711479615d215b3
  xrobot-org/DurationStatistics:
    repo: https://github.com/xrobot-org/DurationStatistics.git
    source: https://xrobot.work/xrobot-modules/index.yaml
    requested: same-or-dev
    resolved_ref: dev
    ref_kind: branch
    commit: d8146af81902e2bce2969bf0f0a53daa3fa0bdec
