# Generated by `xrobot setup`; do not edit by hand.
version: 1
requests:
- id: QDU-Robomaster/Aimer
  ref: same-or-dev
- id: QDU-Robomaster/ArmorDetector
  ref: same-or-dev
- id: QDU-Robomaster/ArmorTracker
  ref: same-or-dev
- id: QDU-Robomaster/CameraBase
  ref: same-or-dev
- id: QDU-Robomaster/CameraFrameSync
  ref: same-or-dev
- id: QDU-Robomaster/CameraSync
  ref: same-or-dev
- id: QDU-Robomaster/CMD
  ref: same-or-dev
- id: QDU-Robomaster/Referee
  ref: same-or-dev
- id: QDU-Robomaster/VisionPreview
  ref: same-or-dev
- id: QDU-Robomaster/WebotsCamera
  ref: same-or-dev
- id: QDU-Robomaster/WebotsFireNotify
  ref: same-or-dev
- id: QDU-Robomaster/WebotsGimbal
  ref: same-or-dev
- id: QDU-Robomaster/WebotsReferee
  ref: same-or-dev
- id: xrobot-org/DurationStatistics
  ref: same-or-dev
modules:
  QDU-Robomaster/Aimer:
    repo: https://github.com/QDU-Robomaster/Aimer.git
    source: https://qdu-robomaster.github.io/qdu-future-modules/index.yaml
    requested: same-or-dev
    resolved_ref: dev
    ref_kind: branch
    commit: ec936518c35c68876a54a1b04af21f4e5c8f5c6c
  QDU-Robomaster/ArmorDetector:
    repo: https://github.com/QDU-Robomaster/ArmorDetector.git
    source: https://qdu-robomaster.github.io/qdu-future-modules/index.yaml
    requested: same-or-dev
    resolved_ref: dev
    ref_kind: branch
    commit: a545fd983c7d9777d92419f623a98c763bf955cc
  QDU-Robomaster/ArmorTracker:
    repo: https://github.com/QDU-Robomaster/ArmorTracker.git
    source: https://qdu-robomaster.github.io/qdu-future-modules/index.yaml
    requested: same-or-dev
    resolved_ref: dev
    ref_kind: branch
    commit: 36e1fd5992dd6cc72d9fa7fa5e9a3ac3b55056c1
  QDU-Robomaster/CMD:
    repo: https://github.com/QDU-Robomaster/CMD.git
    source: https://qdu-robomaster.github.io/qdu-future-modules/index.yaml
    requested: same-or-dev
    resolved_ref: dev
    ref_kind: branch
    commit: e960a30e80aec80a80495a39c2ad05ddc366a97b
  QDU-Robomaster/CameraBase:
    repo: https://github.com/QDU-Robomaster/CameraBase.git
    source: https://qdu-robomaster.github.io/qdu-future-modules/index.yaml
    requested: same-or-dev
    resolved_ref: dev
    ref_kind: branch
    commit: 1f5305e432a62e4e73841a046d057e37a6ee6941
  QDU-Robomaster/CameraFrameSync:
    repo: https://github.com/QDU-Robomaster/CameraFrameSync.git
    source: https://qdu-robomaster.github.io/qdu-future-modules/index.yaml
    requested: same-or-dev
    resolved_ref: dev
    ref_kind: branch
    commit: a0f07ae0ad51a8d0ebd48ed1107a865071aca5c6
  QDU-Robomaster/CameraSync:
    repo: https://github.com/QDU-Robomaster/CameraSync.git
    source: https://qdu-robomaster.github.io/qdu-future-modules/index.yaml
    requested: same-or-dev
    resolved_ref: dev
    ref_kind: branch
    commit: b5f59ad93869a22d44f1614eafb9342de69727e6
  QDU-Robomaster/Referee:
    repo: https://github.com/QDU-Robomaster/Referee.git
    source: https://qdu-robomaster.github.io/qdu-future-modules/index.yaml
    requested: same-or-dev
    resolved_ref: dev
    ref_kind: branch
    commit: 96b2468ea414b5837a0c452cece792247a76b210
  QDU-Robomaster/VisionPreview:
    repo: https://github.com/QDU-Robomaster/VisionPreview.git
    source: https://qdu-robomaster.github.io/qdu-future-modules/index.yaml
    requested: same-or-dev
    resolved_ref: dev
    ref_kind: branch
    commit: 5b6d1e1aafe949b9251562b5516eab522a679226
  QDU-Robomaster/WebotsCamera:
    repo: https://github.com/QDU-Robomaster/WebotsCamera.git
    source: https://qdu-robomaster.github.io/qdu-future-modules/index.yaml
    requested: same-or-dev
    resolved_ref: dev
    ref_kind: branch
    commit: d2d020c86276b514d1f43e909464c7889281d407
  QDU-Robomaster/WebotsFireNotify:
    repo: https://github.com/QDU-Robomaster/WebotsFireNotify.git
    source: https://qdu-robomaster.github.io/qdu-future-modules/index.yaml
    requested: same-or-dev
    resolved_ref: dev
    ref_kind: branch
    commit: 78f1e5c4a8ebc02c25afdbfb94fb6839ffbe54a9
  QDU-Robomaster/WebotsGimbal:
    repo: https://github.com/QDU-Robomaster/WebotsGimbal.git
    source: https://qdu-robomaster.github.io/qdu-future-modules/index.yaml
    requested: same-or-dev
    resolved_ref: dev
    ref_kind: branch
    commit: 319292aa0df6f97e41785fc698dc1675502eb859
  QDU-Robomaster/WebotsReferee:
    repo: https://github.com/QDU-Robomaster/WebotsReferee.git
    source: https://qdu-robomaster.github.io/qdu-future-modules/index.yaml
    requested: same-or-dev
    resolved_ref: dev
    ref_kind: branch
    commit: 8f87f0412d9b9d9d04a4dc3f03d6e1142879c2bd
  xrobot-org/DurationStatistics:
    repo: https://github.com/xrobot-org/DurationStatistics.git
    source: https://xrobot.work/xrobot-modules/index.yaml
    requested: same-or-dev
    resolved_ref: dev
    ref_kind: branch
    commit: d8146af81902e2bce2969bf0f0a53daa3fa0bdec
