version: 1
requests:
- id: QDU-Robomaster/CameraBase
  ref: same-or-dev
- id: QDU-Robomaster/WebotsCamera
  ref: same-or-dev
- id: QDU-Robomaster/CameraSync
  ref: same-or-dev
- id: QDU-Robomaster/CameraFrameSync
  ref: same-or-dev
- id: QDU-Robomaster/ArmorDetector
  ref: same-or-dev
- id: QDU-Robomaster/ArmorTracker
  ref: same-or-dev
- id: QDU-Robomaster/Aimer
  ref: same-or-dev
- id: QDU-Robomaster/VisionPreview
  ref: same-or-dev
- id: QDU-Robomaster/WebotsReferee
  ref: same-or-dev
- id: QDU-Robomaster/WebotsGimbal
  ref: same-or-dev
- id: QDU-Robomaster/WebotsFireNotify
  ref: same-or-dev
- id: xrobot-org/DurationStatistics
  ref: same-or-dev
- id: QDU-Robomaster/Referee
  ref: same-or-dev
- id: QDU-Robomaster/CMD
  ref: same-or-dev
modules:
  QDU-Robomaster/Aimer:
    repo: https://github.com/QDU-Robomaster/Aimer.git
    source: https://qdu-robomaster.github.io/qdu-future-modules/index.yaml
    requested: same-or-dev
    resolved_ref: feat/static-assembly-20260915
    ref_kind: branch
    commit: 526c46c2cc5dfc257cd5d8e394df3888e610a572
  QDU-Robomaster/ArmorDetector:
    repo: https://github.com/QDU-Robomaster/ArmorDetector.git
    source: https://qdu-robomaster.github.io/qdu-future-modules/index.yaml
    requested: same-or-dev
    resolved_ref: feat/static-assembly-20260915
    ref_kind: branch
    commit: 487e3c0ad5cbd93e85e93efcf6404a02c3f6e13e
  QDU-Robomaster/ArmorTracker:
    repo: https://github.com/QDU-Robomaster/ArmorTracker.git
    source: https://qdu-robomaster.github.io/qdu-future-modules/index.yaml
    requested: same-or-dev
    resolved_ref: feat/static-assembly-20260915
    ref_kind: branch
    commit: 6e4247a16443329a64398c094a2dfe2b668a1dd2
  QDU-Robomaster/CMD:
    repo: https://github.com/QDU-Robomaster/CMD.git
    source: https://qdu-robomaster.github.io/qdu-future-modules/index.yaml
    requested: same-or-dev
    resolved_ref: feat/static-assembly-20260915
    ref_kind: branch
    commit: de75d238def422100da5ff588c3d13c261efe0a6
  QDU-Robomaster/CameraBase:
    repo: https://github.com/QDU-Robomaster/CameraBase.git
    source: https://qdu-robomaster.github.io/qdu-future-modules/index.yaml
    requested: same-or-dev
    resolved_ref: feat/static-assembly-20260915
    ref_kind: branch
    commit: 27627f48e5061c9c7cfe52f85353add6dee56bf4
  QDU-Robomaster/CameraFrameSync:
    repo: https://github.com/QDU-Robomaster/CameraFrameSync.git
    source: https://qdu-robomaster.github.io/qdu-future-modules/index.yaml
    requested: same-or-dev
    resolved_ref: feat/static-assembly-20260915
    ref_kind: branch
    commit: 208e8171178e0aee73e63ca685c38ab47ea977fd
  QDU-Robomaster/CameraSync:
    repo: https://github.com/QDU-Robomaster/CameraSync.git
    source: https://qdu-robomaster.github.io/qdu-future-modules/index.yaml
    requested: same-or-dev
    resolved_ref: feat/static-assembly-20260915
    ref_kind: branch
    commit: 55070a63ce07b190efd2a2419b6fb8b142cae2e7
  QDU-Robomaster/Referee:
    repo: https://github.com/QDU-Robomaster/Referee.git
    source: https://qdu-robomaster.github.io/qdu-future-modules/index.yaml
    requested: same-or-dev
    resolved_ref: feat/static-assembly-20260915
    ref_kind: branch
    commit: 8d3fb4f22bb2740d9d30375b9c9719e9d747ef36
  QDU-Robomaster/VisionPreview:
    repo: https://github.com/QDU-Robomaster/VisionPreview.git
    source: https://qdu-robomaster.github.io/qdu-future-modules/index.yaml
    requested: same-or-dev
    resolved_ref: feat/static-assembly-20260915
    ref_kind: branch
    commit: 8d4562898e16b1f5057fb8c79fcfb8bc8c8bba82
  QDU-Robomaster/WebotsCamera:
    repo: https://github.com/QDU-Robomaster/WebotsCamera.git
    source: https://qdu-robomaster.github.io/qdu-future-modules/index.yaml
    requested: same-or-dev
    resolved_ref: feat/static-assembly-20260915
    ref_kind: branch
    commit: e7f441ae791094de38b06b491086219feed694c3
  QDU-Robomaster/WebotsFireNotify:
    repo: https://github.com/QDU-Robomaster/WebotsFireNotify.git
    source: https://qdu-robomaster.github.io/qdu-future-modules/index.yaml
    requested: same-or-dev
    resolved_ref: feat/static-assembly-20260915
    ref_kind: branch
    commit: f90458c86898c2f723ccca00746fa2275c14de7b
  QDU-Robomaster/WebotsGimbal:
    repo: https://github.com/QDU-Robomaster/WebotsGimbal.git
    source: https://qdu-robomaster.github.io/qdu-future-modules/index.yaml
    requested: same-or-dev
    resolved_ref: feat/static-assembly-20260915
    ref_kind: branch
    commit: bcff35e838d109485c0f76d13f744e8adb04d922
  QDU-Robomaster/WebotsReferee:
    repo: https://github.com/QDU-Robomaster/WebotsReferee.git
    source: https://qdu-robomaster.github.io/qdu-future-modules/index.yaml
    requested: same-or-dev
    resolved_ref: feat/static-assembly-20260915
    ref_kind: branch
    commit: 733bc1e9c59f0f73623f8456d468742484927754
  xrobot-org/DurationStatistics:
    repo: https://github.com/xrobot-org/DurationStatistics.git
    source: https://xrobot.work/xrobot-modules/index.yaml
    requested: same-or-dev
    resolved_ref: feat/static-assembly-20260915
    ref_kind: branch
    commit: f583a8a12d5c9a8809727ecfdea1a247ca745ef7
